schema: '2.0'
stages:
  data_ingestion:
    cmd: python src/pipeline/training_pipeline.py data_ingestion
    deps:
    - path: src/components/data_ingestion.py
      hash: md5
      md5: d8e25f09c954a3f733f3c37b354d56d0
      size: 1999
    - path: src/pipeline/training_pipeline.py
      hash: md5
      md5: 47d44aaf4c89d41fd4f05896142170e7
      size: 3082
    outs:
    - path: artifacts/raw.csv
      hash: md5
      md5: 4d3b99278017349368e70a85aa43bd7d
      size: 10656378
    - path: artifacts/test.csv
      hash: md5
      md5: e4daa8a94de8acf83f1ebbe38f773340
      size: 2664383
    - path: artifacts/train.csv
      hash: md5
      md5: bfd58b5d2b38d69a13216bfcc9aa9c64
      size: 7992047
  data_transformation:
    cmd: python src/pipeline/training_pipeline.py data_transformation
    deps:
    - path: artifacts/test.csv
      hash: md5
      md5: e4daa8a94de8acf83f1ebbe38f773340
      size: 2664383
    - path: artifacts/train.csv
      hash: md5
      md5: bfd58b5d2b38d69a13216bfcc9aa9c64
      size: 7992047
    - path: src/components/data_transformation.py
      hash: md5
      md5: 521b458929d122622e7659af542e0b57
      size: 5708
    - path: src/pipeline/training_pipeline.py
      hash: md5
      md5: 47d44aaf4c89d41fd4f05896142170e7
      size: 3082
    outs:
    - path: artifacts/preprocessor.pkl
      hash: md5
      md5: 2a1aa188f2c2c9e4bcd7908000b55f15
      size: 3216
  model_training:
    cmd: python src/pipeline/training_pipeline.py model_training
    deps:
    - path: artifacts/preprocessor.pkl
      hash: md5
      md5: 2a1aa188f2c2c9e4bcd7908000b55f15
      size: 3216
    - path: src/components/model_trainer.py
      hash: md5
      md5: b0227190293fce5a143c1d65bfe76ec8
      size: 4160
    - path: src/pipeline/training_pipeline.py
      hash: md5
      md5: 47d44aaf4c89d41fd4f05896142170e7
      size: 3082
    outs:
    - path: artifacts/model.pkl
      hash: md5
      md5: 7acbd1994a5ef8cc9c81dac48bf6b47f
      size: 3565291
