schema: '2.0'
stages:
  data_ingestion:
    cmd: python src/pipeline/training_pipeline.py data_ingestion
    deps:
    - path: src/components/data_ingestion.py
      hash: md5
      md5: 49f811e083b97514811213587329f408
      size: 1987
    - path: src/pipeline/training_pipeline.py
      hash: md5
      md5: 47d44aaf4c89d41fd4f05896142170e7
      size: 3082
    outs:
    - path: artifacts/raw.csv
      hash: md5
      md5: 4d3b99278017349368e70a85aa43bd7d
      size: 10656378
    - path: artifacts/test.csv
      hash: md5
      md5: 5408e3117fbdabfcdc3b29c94b9ce4f9
      size: 2664112
    - path: artifacts/train.csv
      hash: md5
      md5: 15edc64f93e111a796a8887b31790a03
      size: 7992318
  data_transformation:
    cmd: python src/pipeline/training_pipeline.py data_transformation
    deps:
    - path: artifacts/test.csv
      hash: md5
      md5: 5408e3117fbdabfcdc3b29c94b9ce4f9
      size: 2664112
    - path: artifacts/train.csv
      hash: md5
      md5: 15edc64f93e111a796a8887b31790a03
      size: 7992318
    - path: src/components/data_transformation.py
      hash: md5
      md5: 521b458929d122622e7659af542e0b57
      size: 5708
    - path: src/pipeline/training_pipeline.py
      hash: md5
      md5: 47d44aaf4c89d41fd4f05896142170e7
      size: 3082
    outs:
    - path: artifacts/preprocessor.pkl
      hash: md5
      md5: 6ecf39a60ee5176079cc794b23db9bcd
      size: 3216
  model_training:
    cmd: python src/pipeline/training_pipeline.py model_training
    deps:
    - path: artifacts/preprocessor.pkl
      hash: md5
      md5: 6ecf39a60ee5176079cc794b23db9bcd
      size: 3216
    - path: src/components/model_trainer.py
      hash: md5
      md5: b0227190293fce5a143c1d65bfe76ec8
      size: 4160
    - path: src/pipeline/training_pipeline.py
      hash: md5
      md5: 47d44aaf4c89d41fd4f05896142170e7
      size: 3082
    outs:
    - path: artifacts/model.pkl
      hash: md5
      md5: a1105067eb329261210cfd878ba5dbed
      size: 3548563
